
Microsoft Visual Studio Solution File, Format Version 12.00
# Visual Studio Version 16
VisualStudioVersion = 16.0.29709.97
MinimumVisualStudioVersion = 10.0.40219.1
Project("{FAE04EC0-301F-11D3-BF4B-00C04F79EFBC}") = "Laborator1", "Laborator1\Laborator1.csproj", "{6A9FACDC-6E57-45D7-ADF8-4FC73B33DD8F}"
EndProject
Global
	GlobalSection(SolutionConfigurationPlatforms) = preSolution
		Debug|Any CPU = Debug|Any CPU
		Release|Any CPU = Release|Any CPU
	EndGlobalSection
	GlobalSection(ProjectConfigurationPlatforms) = postSolution
		{6A9FACDC-6E57-45D7-ADF8-4FC73B33DD8F}.Debug|Any CPU.ActiveCfg = Debug|Any CPU
		{6A9FACDC-6E57-45D7-ADF8-4FC73B33DD8F}.Debug|Any CPU.Build.0 = Debug|Any CPU
		{6A9FACDC-6E57-45D7-ADF8-4FC73B33DD8F}.Release|Any CPU.ActiveCfg = Release|Any CPU
		{6A9FACDC-6E57-45D7-ADF8-4FC73B33DD8F}.Release|Any CPU.Build.0 = Release|Any CPU
	EndGlobalSection
	GlobalSection(SolutionProperties) = preSolution
		HideSolutionNode = FALSE
	EndGlobalSection
	GlobalSection(ExtensibilityGlobals) = postSolution
		SolutionGuid = {A014A13B-3CDB-467B-85E2-F52E6109D841}
	EndGlobalSection
EndGlobal
